// !$*UTF8*$!
{
	archiveVersion = 1;
	classes = {
	};
	objectVersion = 46;
	objects = {

/* Begin PBXBuildFile section */
		68CD5DE6162D64CC00699AB9 /* MidasMiner.cpp in Sources */ = {isa = PBXBuildFile; fileRef = 68CD5DE5162D64CC00699AB9 /* MidasMiner.cpp */; };
		68CD5DE9162DFE1B00699AB9 /* BoardDelegate.cpp in Sources */ = {isa = PBXBuildFile; fileRef = 68CD5DE8162DFE1B00699AB9 /* BoardDelegate.cpp */; };
		68F4FED7162B372D00F13811 /* OpenGL.framework in Frameworks */ = {isa = PBXBuildFile; fileRef = 68F4FED6162B372D00F13811 /* OpenGL.framework */; };
		68F4FED9162B374100F13811 /* GLUT.framework in Frameworks */ = {isa = PBXBuildFile; fileRef = 68F4FED8162B374100F13811 /* GLUT.framework */; };
		68F4FEDE162B6DE800F13811 /* libpng15.a in Frameworks */ = {isa = PBXBuildFile; fileRef = 68F4FEDD162B6DE800F13811 /* libpng15.a */; };
		68F4FEE0162B6DFE00F13811 /* libz.a in Frameworks */ = {isa = PBXBuildFile; fileRef = 68F4FEDF162B6DFE00F13811 /* libz.a */; };
		68F4FEE2162B6EA600F13811 /* pngLoad.c in Sources */ = {isa = PBXBuildFile; fileRef = 68F4FEE1162B6EA600F13811 /* pngLoad.c */; };
		68F4FF9E162C78F600F13811 /* AssertException.cpp in Sources */ = {isa = PBXBuildFile; fileRef = 68F4FF5B162C78F600F13811 /* AssertException.cpp */; };
		68F4FF9F162C78F600F13811 /* Checks.cpp in Sources */ = {isa = PBXBuildFile; fileRef = 68F4FF5E162C78F600F13811 /* Checks.cpp */; };
		68F4FFA0162C78F600F13811 /* CurrentTest.cpp in Sources */ = {isa = PBXBuildFile; fileRef = 68F4FF61162C78F600F13811 /* CurrentTest.cpp */; };
		68F4FFA1162C78F600F13811 /* DeferredTestReporter.cpp in Sources */ = {isa = PBXBuildFile; fileRef = 68F4FF63162C78F600F13811 /* DeferredTestReporter.cpp */; };
		68F4FFA2162C78F600F13811 /* DeferredTestResult.cpp in Sources */ = {isa = PBXBuildFile; fileRef = 68F4FF65162C78F600F13811 /* DeferredTestResult.cpp */; };
		68F4FFA3162C78F600F13811 /* MemoryOutStream.cpp in Sources */ = {isa = PBXBuildFile; fileRef = 68F4FF68162C78F600F13811 /* MemoryOutStream.cpp */; };
		68F4FFA4162C78F600F13811 /* SignalTranslator.cpp in Sources */ = {isa = PBXBuildFile; fileRef = 68F4FF6B162C78F600F13811 /* SignalTranslator.cpp */; };
		68F4FFA5162C78F600F13811 /* TimeHelpers.cpp in Sources */ = {isa = PBXBuildFile; fileRef = 68F4FF6D162C78F600F13811 /* TimeHelpers.cpp */; };
		68F4FFA6162C78F600F13811 /* ReportAssert.cpp in Sources */ = {isa = PBXBuildFile; fileRef = 68F4FF6F162C78F600F13811 /* ReportAssert.cpp */; };
		68F4FFA7162C78F600F13811 /* Test.cpp in Sources */ = {isa = PBXBuildFile; fileRef = 68F4FF71162C78F600F13811 /* Test.cpp */; };
		68F4FFA8162C78F600F13811 /* TestDetails.cpp in Sources */ = {isa = PBXBuildFile; fileRef = 68F4FF73162C78F600F13811 /* TestDetails.cpp */; };
		68F4FFA9162C78F600F13811 /* TestList.cpp in Sources */ = {isa = PBXBuildFile; fileRef = 68F4FF75162C78F600F13811 /* TestList.cpp */; };
		68F4FFAA162C78F600F13811 /* TestReporter.cpp in Sources */ = {isa = PBXBuildFile; fileRef = 68F4FF78162C78F600F13811 /* TestReporter.cpp */; };
		68F4FFAB162C78F600F13811 /* TestReporterStdout.cpp in Sources */ = {isa = PBXBuildFile; fileRef = 68F4FF7A162C78F600F13811 /* TestReporterStdout.cpp */; };
		68F4FFAC162C78F600F13811 /* TestResults.cpp in Sources */ = {isa = PBXBuildFile; fileRef = 68F4FF7C162C78F600F13811 /* TestResults.cpp */; };
		68F4FFAD162C78F600F13811 /* TestRunner.cpp in Sources */ = {isa = PBXBuildFile; fileRef = 68F4FF7E162C78F600F13811 /* TestRunner.cpp */; };
		68F4FFBF162C78F600F13811 /* TimeConstraint.cpp in Sources */ = {isa = PBXBuildFile; fileRef = 68F4FF95162C78F600F13811 /* TimeConstraint.cpp */; };
		68F4FFC1162C78F600F13811 /* XmlTestReporter.cpp in Sources */ = {isa = PBXBuildFile; fileRef = 68F4FF9C162C78F600F13811 /* XmlTestReporter.cpp */; };
		68FE063C162C8D55007A31AB /* TestBoard.cpp in Sources */ = {isa = PBXBuildFile; fileRef = 68FE063B162C8D55007A31AB /* TestBoard.cpp */; };
		68FE0640162C8DA8007A31AB /* Board.cpp in Sources */ = {isa = PBXBuildFile; fileRef = 68FE063F162C8DA8007A31AB /* Board.cpp */; };
		68FE0642162C91B8007A31AB /* main.cpp in Sources */ = {isa = PBXBuildFile; fileRef = 68FE0641162C91B8007A31AB /* main.cpp */; };
		68FE0646162C928E007A31AB /* BoardRenderer.cpp in Sources */ = {isa = PBXBuildFile; fileRef = 68FE0645162C928E007A31AB /* BoardRenderer.cpp */; };
		68FE064C162CB322007A31AB /* TestRandomNumberGenerator.cpp in Sources */ = {isa = PBXBuildFile; fileRef = 68FE064B162CB322007A31AB /* TestRandomNumberGenerator.cpp */; };
/* End PBXBuildFile section */

/* Begin PBXCopyFilesBuildPhase section */
		68964888162B35F900D719E3 /* Copy Files */ = {
			isa = PBXCopyFilesBuildPhase;
			buildActionMask = 2147483647;
			dstPath = /usr/share/man/man1/;
			dstSubfolderSpec = 0;
			files = (
			);
			name = "Copy Files";
			runOnlyForDeploymentPostprocessing = 1;
		};
/* End PBXCopyFilesBuildPhase section */

/* Begin PBXFileReference section */
		6896488A162B35F900D719E3 /* MidasMiner */ = {isa = PBXFileReference; explicitFileType = "compiled.mach-o.executable"; includeInIndex = 0; path = MidasMiner; sourceTree = BUILT_PRODUCTS_DIR; };
		68CD5DE4162D64B800699AB9 /* MidasMiner.h */ = {isa = PBXFileReference; fileEncoding = 4; lastKnownFileType = sourcecode.c.h; path = MidasMiner.h; sourceTree = "<group>"; };
		68CD5DE5162D64CC00699AB9 /* MidasMiner.cpp */ = {isa = PBXFileReference; fileEncoding = 4; lastKnownFileType = sourcecode.cpp.cpp; path = MidasMiner.cpp; sourceTree = "<group>"; };
		68CD5DE7162DB67000699AB9 /* BoardDelegate.h */ = {isa = PBXFileReference; fileEncoding = 4; lastKnownFileType = sourcecode.c.h; path = BoardDelegate.h; sourceTree = "<group>"; };
		68CD5DE8162DFE1B00699AB9 /* BoardDelegate.cpp */ = {isa = PBXFileReference; fileEncoding = 4; lastKnownFileType = sourcecode.cpp.cpp; path = BoardDelegate.cpp; sourceTree = "<group>"; };
		68F4FED6162B372D00F13811 /* OpenGL.framework */ = {isa = PBXFileReference; lastKnownFileType = wrapper.framework; name = OpenGL.framework; path = System/Library/Frameworks/OpenGL.framework; sourceTree = SDKROOT; };
		68F4FED8162B374100F13811 /* GLUT.framework */ = {isa = PBXFileReference; lastKnownFileType = wrapper.framework; name = GLUT.framework; path = System/Library/Frameworks/GLUT.framework; sourceTree = SDKROOT; };
		68F4FEDC162B653C00F13811 /* pngLoad.h */ = {isa = PBXFileReference; fileEncoding = 4; lastKnownFileType = sourcecode.c.h; path = pngLoad.h; sourceTree = "<group>"; };
		68F4FEDD162B6DE800F13811 /* libpng15.a */ = {isa = PBXFileReference; lastKnownFileType = archive.ar; name = libpng15.a; path = ../../../../opt/local/lib/libpng15.a; sourceTree = "<group>"; };
		68F4FEDF162B6DFE00F13811 /* libz.a */ = {isa = PBXFileReference; lastKnownFileType = archive.ar; name = libz.a; path = ../../../../opt/local/lib/libz.a; sourceTree = "<group>"; };
		68F4FEE1162B6EA600F13811 /* pngLoad.c */ = {isa = PBXFileReference; fileEncoding = 4; lastKnownFileType = sourcecode.c.c; path = pngLoad.c; sourceTree = "<group>"; };
		68F4FF5B162C78F600F13811 /* AssertException.cpp */ = {isa = PBXFileReference; fileEncoding = 4; lastKnownFileType = sourcecode.cpp.cpp; path = AssertException.cpp; sourceTree = "<group>"; };
		68F4FF5C162C78F600F13811 /* AssertException.h */ = {isa = PBXFileReference; fileEncoding = 4; lastKnownFileType = sourcecode.c.h; path = AssertException.h; sourceTree = "<group>"; };
		68F4FF5D162C78F600F13811 /* CheckMacros.h */ = {isa = PBXFileReference; fileEncoding = 4; lastKnownFileType = sourcecode.c.h; path = CheckMacros.h; sourceTree = "<group>"; };
		68F4FF5E162C78F600F13811 /* Checks.cpp */ = {isa = PBXFileReference; fileEncoding = 4; lastKnownFileType = sourcecode.cpp.cpp; path = Checks.cpp; sourceTree = "<group>"; };
		68F4FF5F162C78F600F13811 /* Checks.h */ = {isa = PBXFileReference; fileEncoding = 4; lastKnownFileType = sourcecode.c.h; path = Checks.h; sourceTree = "<group>"; };
		68F4FF60162C78F600F13811 /* Config.h */ = {isa = PBXFileReference; fileEncoding = 4; lastKnownFileType = sourcecode.c.h; path = Config.h; sourceTree = "<group>"; };
		68F4FF61162C78F600F13811 /* CurrentTest.cpp */ = {isa = PBXFileReference; fileEncoding = 4; lastKnownFileType = sourcecode.cpp.cpp; path = CurrentTest.cpp; sourceTree = "<group>"; };
		68F4FF62162C78F600F13811 /* CurrentTest.h */ = {isa = PBXFileReference; fileEncoding = 4; lastKnownFileType = sourcecode.c.h; path = CurrentTest.h; sourceTree = "<group>"; };
		68F4FF63162C78F600F13811 /* DeferredTestReporter.cpp */ = {isa = PBXFileReference; fileEncoding = 4; lastKnownFileType = sourcecode.cpp.cpp; path = DeferredTestReporter.cpp; sourceTree = "<group>"; };
		68F4FF64162C78F600F13811 /* DeferredTestReporter.h */ = {isa = PBXFileReference; fileEncoding = 4; lastKnownFileType = sourcecode.c.h; path = DeferredTestReporter.h; sourceTree = "<group>"; };
		68F4FF65162C78F600F13811 /* DeferredTestResult.cpp */ = {isa = PBXFileReference; fileEncoding = 4; lastKnownFileType = sourcecode.cpp.cpp; path = DeferredTestResult.cpp; sourceTree = "<group>"; };
		68F4FF66162C78F600F13811 /* DeferredTestResult.h */ = {isa = PBXFileReference; fileEncoding = 4; lastKnownFileType = sourcecode.c.h; path = DeferredTestResult.h; sourceTree = "<group>"; };
		68F4FF67162C78F600F13811 /* ExecuteTest.h */ = {isa = PBXFileReference; fileEncoding = 4; lastKnownFileType = sourcecode.c.h; path = ExecuteTest.h; sourceTree = "<group>"; };
		68F4FF68162C78F600F13811 /* MemoryOutStream.cpp */ = {isa = PBXFileReference; fileEncoding = 4; lastKnownFileType = sourcecode.cpp.cpp; path = MemoryOutStream.cpp; sourceTree = "<group>"; };
		68F4FF69162C78F600F13811 /* MemoryOutStream.h */ = {isa = PBXFileReference; fileEncoding = 4; lastKnownFileType = sourcecode.c.h; path = MemoryOutStream.h; sourceTree = "<group>"; };
		68F4FF6B162C78F600F13811 /* SignalTranslator.cpp */ = {isa = PBXFileReference; fileEncoding = 4; lastKnownFileType = sourcecode.cpp.cpp; path = SignalTranslator.cpp; sourceTree = "<group>"; };
		68F4FF6C162C78F600F13811 /* SignalTranslator.h */ = {isa = PBXFileReference; fileEncoding = 4; lastKnownFileType = sourcecode.c.h; path = SignalTranslator.h; sourceTree = "<group>"; };
		68F4FF6D162C78F600F13811 /* TimeHelpers.cpp */ = {isa = PBXFileReference; fileEncoding = 4; lastKnownFileType = sourcecode.cpp.cpp; path = TimeHelpers.cpp; sourceTree = "<group>"; };
		68F4FF6E162C78F600F13811 /* TimeHelpers.h */ = {isa = PBXFileReference; fileEncoding = 4; lastKnownFileType = sourcecode.c.h; path = TimeHelpers.h; sourceTree = "<group>"; };
		68F4FF6F162C78F600F13811 /* ReportAssert.cpp */ = {isa = PBXFileReference; fileEncoding = 4; lastKnownFileType = sourcecode.cpp.cpp; path = ReportAssert.cpp; sourceTree = "<group>"; };
		68F4FF70162C78F600F13811 /* ReportAssert.h */ = {isa = PBXFileReference; fileEncoding = 4; lastKnownFileType = sourcecode.c.h; path = ReportAssert.h; sourceTree = "<group>"; };
		68F4FF71162C78F600F13811 /* Test.cpp */ = {isa = PBXFileReference; fileEncoding = 4; lastKnownFileType = sourcecode.cpp.cpp; path = Test.cpp; sourceTree = "<group>"; };
		68F4FF72162C78F600F13811 /* Test.h */ = {isa = PBXFileReference; fileEncoding = 4; lastKnownFileType = sourcecode.c.h; path = Test.h; sourceTree = "<group>"; };
		68F4FF73162C78F600F13811 /* TestDetails.cpp */ = {isa = PBXFileReference; fileEncoding = 4; lastKnownFileType = sourcecode.cpp.cpp; path = TestDetails.cpp; sourceTree = "<group>"; };
		68F4FF74162C78F600F13811 /* TestDetails.h */ = {isa = PBXFileReference; fileEncoding = 4; lastKnownFileType = sourcecode.c.h; path = TestDetails.h; sourceTree = "<group>"; };
		68F4FF75162C78F600F13811 /* TestList.cpp */ = {isa = PBXFileReference; fileEncoding = 4; lastKnownFileType = sourcecode.cpp.cpp; path = TestList.cpp; sourceTree = "<group>"; };
		68F4FF76162C78F600F13811 /* TestList.h */ = {isa = PBXFileReference; fileEncoding = 4; lastKnownFileType = sourcecode.c.h; path = TestList.h; sourceTree = "<group>"; };
		68F4FF77162C78F600F13811 /* TestMacros.h */ = {isa = PBXFileReference; fileEncoding = 4; lastKnownFileType = sourcecode.c.h; path = TestMacros.h; sourceTree = "<group>"; };
		68F4FF78162C78F600F13811 /* TestReporter.cpp */ = {isa = PBXFileReference; fileEncoding = 4; lastKnownFileType = sourcecode.cpp.cpp; path = TestReporter.cpp; sourceTree = "<group>"; };
		68F4FF79162C78F600F13811 /* TestReporter.h */ = {isa = PBXFileReference; fileEncoding = 4; lastKnownFileType = sourcecode.c.h; path = TestReporter.h; sourceTree = "<group>"; };
		68F4FF7A162C78F600F13811 /* TestReporterStdout.cpp */ = {isa = PBXFileReference; fileEncoding = 4; lastKnownFileType = sourcecode.cpp.cpp; path = TestReporterStdout.cpp; sourceTree = "<group>"; };
		68F4FF7B162C78F600F13811 /* TestReporterStdout.h */ = {isa = PBXFileReference; fileEncoding = 4; lastKnownFileType = sourcecode.c.h; path = TestReporterStdout.h; sourceTree = "<group>"; };
		68F4FF7C162C78F600F13811 /* TestResults.cpp */ = {isa = PBXFileReference; fileEncoding = 4; lastKnownFileType = sourcecode.cpp.cpp; path = TestResults.cpp; sourceTree = "<group>"; };
		68F4FF7D162C78F600F13811 /* TestResults.h */ = {isa = PBXFileReference; fileEncoding = 4; lastKnownFileType = sourcecode.c.h; path = TestResults.h; sourceTree = "<group>"; };
		68F4FF7E162C78F600F13811 /* TestRunner.cpp */ = {isa = PBXFileReference; fileEncoding = 4; lastKnownFileType = sourcecode.cpp.cpp; path = TestRunner.cpp; sourceTree = "<group>"; };
		68F4FF7F162C78F600F13811 /* TestRunner.h */ = {isa = PBXFileReference; fileEncoding = 4; lastKnownFileType = sourcecode.c.h; path = TestRunner.h; sourceTree = "<group>"; };
		68F4FF94162C78F600F13811 /* TestSuite.h */ = {isa = PBXFileReference; fileEncoding = 4; lastKnownFileType = sourcecode.c.h; path = TestSuite.h; sourceTree = "<group>"; };
		68F4FF95162C78F600F13811 /* TimeConstraint.cpp */ = {isa = PBXFileReference; fileEncoding = 4; lastKnownFileType = sourcecode.cpp.cpp; path = TimeConstraint.cpp; sourceTree = "<group>"; };
		68F4FF96162C78F600F13811 /* TimeConstraint.h */ = {isa = PBXFileReference; fileEncoding = 4; lastKnownFileType = sourcecode.c.h; path = TimeConstraint.h; sourceTree = "<group>"; };
		68F4FF97162C78F600F13811 /* TimeHelpers.h */ = {isa = PBXFileReference; fileEncoding = 4; lastKnownFileType = sourcecode.c.h; path = TimeHelpers.h; sourceTree = "<group>"; };
		68F4FF98162C78F600F13811 /* UnitTest++.h */ = {isa = PBXFileReference; fileEncoding = 4; lastKnownFileType = sourcecode.c.h; path = "UnitTest++.h"; sourceTree = "<group>"; };
		68F4FF9C162C78F600F13811 /* XmlTestReporter.cpp */ = {isa = PBXFileReference; fileEncoding = 4; lastKnownFileType = sourcecode.cpp.cpp; path = XmlTestReporter.cpp; sourceTree = "<group>"; };
		68F4FF9D162C78F600F13811 /* XmlTestReporter.h */ = {isa = PBXFileReference; fileEncoding = 4; lastKnownFileType = sourcecode.c.h; path = XmlTestReporter.h; sourceTree = "<group>"; };
		68FE063B162C8D55007A31AB /* TestBoard.cpp */ = {isa = PBXFileReference; fileEncoding = 4; lastKnownFileType = sourcecode.cpp.cpp; path = TestBoard.cpp; sourceTree = "<group>"; };
		68FE063E162C8D8B007A31AB /* Board.h */ = {isa = PBXFileReference; fileEncoding = 4; lastKnownFileType = sourcecode.c.h; path = Board.h; sourceTree = "<group>"; };
		68FE063F162C8DA8007A31AB /* Board.cpp */ = {isa = PBXFileReference; fileEncoding = 4; lastKnownFileType = sourcecode.cpp.cpp; path = Board.cpp; sourceTree = "<group>"; };
		68FE0641162C91B8007A31AB /* main.cpp */ = {isa = PBXFileReference; fileEncoding = 4; lastKnownFileType = sourcecode.cpp.cpp; path = main.cpp; sourceTree = "<group>"; };
		68FE0645162C928E007A31AB /* BoardRenderer.cpp */ = {isa = PBXFileReference; fileEncoding = 4; lastKnownFileType = sourcecode.cpp.cpp; path = BoardRenderer.cpp; sourceTree = "<group>"; };
		68FE0647162C92C3007A31AB /* BoardRenderer.h */ = {isa = PBXFileReference; fileEncoding = 4; lastKnownFileType = sourcecode.c.h; path = BoardRenderer.h; sourceTree = "<group>"; };
		68FE064A162CAF43007A31AB /* RandomNumberGenerator.h */ = {isa = PBXFileReference; fileEncoding = 4; lastKnownFileType = sourcecode.c.h; path = RandomNumberGenerator.h; sourceTree = "<group>"; };
		68FE064B162CB322007A31AB /* TestRandomNumberGenerator.cpp */ = {isa = PBXFileReference; fileEncoding = 4; lastKnownFileType = sourcecode.cpp.cpp; path = TestRandomNumberGenerator.cpp; sourceTree = "<group>"; };
/* End PBXFileReference section */

/* Begin PBXFrameworksBuildPhase section */
		68964887162B35F900D719E3 /* Frameworks */ = {
			isa = PBXFrameworksBuildPhase;
			buildActionMask = 2147483647;
			files = (
				68F4FEE0162B6DFE00F13811 /* libz.a in Frameworks */,
				68F4FEDE162B6DE800F13811 /* libpng15.a in Frameworks */,
				68F4FED9162B374100F13811 /* GLUT.framework in Frameworks */,
				68F4FED7162B372D00F13811 /* OpenGL.framework in Frameworks */,
			);
			runOnlyForDeploymentPostprocessing = 0;
		};
/* End PBXFrameworksBuildPhase section */

/* Begin PBXGroup section */
		6896487F162B35F900D719E3 = {
			isa = PBXGroup;
			children = (
				68F4FEDF162B6DFE00F13811 /* libz.a */,
				68F4FEDD162B6DE800F13811 /* libpng15.a */,
				68F4FED8162B374100F13811 /* GLUT.framework */,
				68F4FED6162B372D00F13811 /* OpenGL.framework */,
				6896488D162B35F900D719E3 /* MidasMiner */,
				6896488B162B35F900D719E3 /* Products */,
			);
			sourceTree = "<group>";
		};
		6896488B162B35F900D719E3 /* Products */ = {
			isa = PBXGroup;
			children = (
				6896488A162B35F900D719E3 /* MidasMiner */,
			);
			name = Products;
			sourceTree = "<group>";
		};
		6896488D162B35F900D719E3 /* MidasMiner */ = {
			isa = PBXGroup;
			children = (
				68FE0649162C98A8007A31AB /* Tests */,
				68FE0648162C9893007A31AB /* pngLoad */,
				68FE0641162C91B8007A31AB /* main.cpp */,
				68F4FF5A162C78F600F13811 /* UnitTest++ */,
				68FE063E162C8D8B007A31AB /* Board.h */,
				68FE063F162C8DA8007A31AB /* Board.cpp */,
				68FE0645162C928E007A31AB /* BoardRenderer.cpp */,
				68FE0647162C92C3007A31AB /* BoardRenderer.h */,
				68FE064A162CAF43007A31AB /* RandomNumberGenerator.h */,
				68CD5DE4162D64B800699AB9 /* MidasMiner.h */,
				68CD5DE5162D64CC00699AB9 /* MidasMiner.cpp */,
				68CD5DE7162DB67000699AB9 /* BoardDelegate.h */,
				68CD5DE8162DFE1B00699AB9 /* BoardDelegate.cpp */,
			);
			path = MidasMiner;
			sourceTree = "<group>";
		};
		68F4FF5A162C78F600F13811 /* UnitTest++ */ = {
			isa = PBXGroup;
			children = (
				68F4FF5B162C78F600F13811 /* AssertException.cpp */,
				68F4FF5C162C78F600F13811 /* AssertException.h */,
				68F4FF5D162C78F600F13811 /* CheckMacros.h */,
				68F4FF5E162C78F600F13811 /* Checks.cpp */,
				68F4FF5F162C78F600F13811 /* Checks.h */,
				68F4FF60162C78F600F13811 /* Config.h */,
				68F4FF61162C78F600F13811 /* CurrentTest.cpp */,
				68F4FF62162C78F600F13811 /* CurrentTest.h */,
				68F4FF63162C78F600F13811 /* DeferredTestReporter.cpp */,
				68F4FF64162C78F600F13811 /* DeferredTestReporter.h */,
				68F4FF65162C78F600F13811 /* DeferredTestResult.cpp */,
				68F4FF66162C78F600F13811 /* DeferredTestResult.h */,
				68F4FF67162C78F600F13811 /* ExecuteTest.h */,
				68F4FF68162C78F600F13811 /* MemoryOutStream.cpp */,
				68F4FF69162C78F600F13811 /* MemoryOutStream.h */,
				68F4FF6A162C78F600F13811 /* Posix */,
				68F4FF6F162C78F600F13811 /* ReportAssert.cpp */,
				68F4FF70162C78F600F13811 /* ReportAssert.h */,
				68F4FF71162C78F600F13811 /* Test.cpp */,
				68F4FF72162C78F600F13811 /* Test.h */,
				68F4FF73162C78F600F13811 /* TestDetails.cpp */,
				68F4FF74162C78F600F13811 /* TestDetails.h */,
				68F4FF75162C78F600F13811 /* TestList.cpp */,
				68F4FF76162C78F600F13811 /* TestList.h */,
				68F4FF77162C78F600F13811 /* TestMacros.h */,
				68F4FF78162C78F600F13811 /* TestReporter.cpp */,
				68F4FF79162C78F600F13811 /* TestReporter.h */,
				68F4FF7A162C78F600F13811 /* TestReporterStdout.cpp */,
				68F4FF7B162C78F600F13811 /* TestReporterStdout.h */,
				68F4FF7C162C78F600F13811 /* TestResults.cpp */,
				68F4FF7D162C78F600F13811 /* TestResults.h */,
				68F4FF7E162C78F600F13811 /* TestRunner.cpp */,
				68F4FF7F162C78F600F13811 /* TestRunner.h */,
				68F4FF94162C78F600F13811 /* TestSuite.h */,
				68F4FF95162C78F600F13811 /* TimeConstraint.cpp */,
				68F4FF96162C78F600F13811 /* TimeConstraint.h */,
				68F4FF97162C78F600F13811 /* TimeHelpers.h */,
				68F4FF98162C78F600F13811 /* UnitTest++.h */,
				68F4FF9C162C78F600F13811 /* XmlTestReporter.cpp */,
				68F4FF9D162C78F600F13811 /* XmlTestReporter.h */,
			);
			name = "UnitTest++";
			path = "UnitTest++/src";
			sourceTree = "<group>";
		};
		68F4FF6A162C78F600F13811 /* Posix */ = {
			isa = PBXGroup;
			children = (
				68F4FF6B162C78F600F13811 /* SignalTranslator.cpp */,
				68F4FF6C162C78F600F13811 /* SignalTranslator.h */,
				68F4FF6D162C78F600F13811 /* TimeHelpers.cpp */,
				68F4FF6E162C78F600F13811 /* TimeHelpers.h */,
			);
			path = Posix;
			sourceTree = "<group>";
		};
		68FE0648162C9893007A31AB /* pngLoad */ = {
			isa = PBXGroup;
			children = (
				68F4FEDC162B653C00F13811 /* pngLoad.h */,
				68F4FEE1162B6EA600F13811 /* pngLoad.c */,
			);
			name = pngLoad;
			sourceTree = "<group>";
		};
		68FE0649162C98A8007A31AB /* Tests */ = {
			isa = PBXGroup;
			children = (
				68FE063B162C8D55007A31AB /* TestBoard.cpp */,
				68FE064B162CB322007A31AB /* TestRandomNumberGenerator.cpp */,
			);
			name = Tests;
			sourceTree = "<group>";
		};
/* End PBXGroup section */

/* Begin PBXNativeTarget section */
		68964889162B35F900D719E3 /* MidasMiner */ = {
			isa = PBXNativeTarget;
			buildConfigurationList = 68964894162B35F900D719E3 /* Build configuration list for PBXNativeTarget "MidasMiner" */;
			buildPhases = (
				68964886162B35F900D719E3 /* Sources */,
				68964887162B35F900D719E3 /* Frameworks */,
				68964888162B35F900D719E3 /* Copy Files */,
			);
			buildRules = (
			);
			dependencies = (
			);
			name = MidasMiner;
			productName = MidasMiner;
			productReference = 6896488A162B35F900D719E3 /* MidasMiner */;
			productType = "com.apple.product-type.tool";
		};
/* End PBXNativeTarget section */

/* Begin PBXProject section */
		68964881162B35F900D719E3 /* Project object */ = {
			isa = PBXProject;
			attributes = {
				LastUpgradeCheck = 0420;
			};
			buildConfigurationList = 68964884162B35F900D719E3 /* Build configuration list for PBXProject "MidasMiner" */;
			compatibilityVersion = "Xcode 3.2";
			developmentRegion = English;
			hasScannedForEncodings = 0;
			knownRegions = (
				en,
			);
			mainGroup = 6896487F162B35F900D719E3;
			productRefGroup = 6896488B162B35F900D719E3 /* Products */;
			projectDirPath = "";
			projectRoot = "";
			targets = (
				68964889162B35F900D719E3 /* MidasMiner */,
			);
		};
/* End PBXProject section */

/* Begin PBXSourcesBuildPhase section */
		68964886162B35F900D719E3 /* Sources */ = {
			isa = PBXSourcesBuildPhase;
			buildActionMask = 2147483647;
			files = (
				68F4FEE2162B6EA600F13811 /* pngLoad.c in Sources */,
				68F4FF9E162C78F600F13811 /* AssertException.cpp in Sources */,
				68F4FF9F162C78F600F13811 /* Checks.cpp in Sources */,
				68F4FFA0162C78F600F13811 /* CurrentTest.cpp in Sources */,
				68F4FFA1162C78F600F13811 /* DeferredTestReporter.cpp in Sources */,
				68F4FFA2162C78F600F13811 /* DeferredTestResult.cpp in Sources */,
				68F4FFA3162C78F600F13811 /* MemoryOutStream.cpp in Sources */,
				68F4FFA4162C78F600F13811 /* SignalTranslator.cpp in Sources */,
				68F4FFA5162C78F600F13811 /* TimeHelpers.cpp in Sources */,
				68F4FFA6162C78F600F13811 /* ReportAssert.cpp in Sources */,
				68F4FFA7162C78F600F13811 /* Test.cpp in Sources */,
				68F4FFA8162C78F600F13811 /* TestDetails.cpp in Sources */,
				68F4FFA9162C78F600F13811 /* TestList.cpp in Sources */,
				68F4FFAA162C78F600F13811 /* TestReporter.cpp in Sources */,
				68F4FFAB162C78F600F13811 /* TestReporterStdout.cpp in Sources */,
				68F4FFAC162C78F600F13811 /* TestResults.cpp in Sources */,
				68F4FFAD162C78F600F13811 /* TestRunner.cpp in Sources */,
				68F4FFBF162C78F600F13811 /* TimeConstraint.cpp in Sources */,
				68F4FFC1162C78F600F13811 /* XmlTestReporter.cpp in Sources */,
				68FE063C162C8D55007A31AB /* TestBoard.cpp in Sources */,
				68FE0640162C8DA8007A31AB /* Board.cpp in Sources */,
				68FE0642162C91B8007A31AB /* main.cpp in Sources */,
				68FE0646162C928E007A31AB /* BoardRenderer.cpp in Sources */,
				68FE064C162CB322007A31AB /* TestRandomNumberGenerator.cpp in Sources */,
				68CD5DE6162D64CC00699AB9 /* MidasMiner.cpp in Sources */,
				68CD5DE9162DFE1B00699AB9 /* BoardDelegate.cpp in Sources */,
			);
			runOnlyForDeploymentPostprocessing = 0;
		};
/* End PBXSourcesBuildPhase section */

/* Begin XCBuildConfiguration section */
		68964892162B35F900D719E3 /* Debug */ = {
			isa = XCBuildConfiguration;
			buildSettings = {
				ALWAYS_SEARCH_USER_PATHS = NO;
				ARCHS = "$(ARCHS_STANDARD_64_BIT)";
				COPY_PHASE_STRIP = NO;
				GCC_C_LANGUAGE_STANDARD = gnu99;
				GCC_DYNAMIC_NO_PIC = NO;
				GCC_ENABLE_OBJC_EXCEPTIONS = YES;
				GCC_OPTIMIZATION_LEVEL = 0;
				GCC_PREPROCESSOR_DEFINITIONS = (
					"DEBUG=1",
					"$(inherited)",
				);
				GCC_SYMBOLS_PRIVATE_EXTERN = NO;
				GCC_VERSION = com.apple.compilers.llvm.clang.1_0;
				GCC_WARN_64_TO_32_BIT_CONVERSION = YES;
				GCC_WARN_ABOUT_MISSING_PROTOTYPES = YES;
				GCC_WARN_ABOUT_RETURN_TYPE = YES;
				GCC_WARN_UNUSED_VARIABLE = YES;
				MACOSX_DEPLOYMENT_TARGET = 10.6;
				ONLY_ACTIVE_ARCH = YES;
				SDKROOT = macosx;
			};
			name = Debug;
		};
		68964893162B35F900D719E3 /* Release */ = {
			isa = XCBuildConfiguration;
			buildSettings = {
				ALWAYS_SEARCH_USER_PATHS = NO;
				ARCHS = "$(ARCHS_STANDARD_64_BIT)";
				COPY_PHASE_STRIP = YES;
				DEBUG_INFORMATION_FORMAT = "dwarf-with-dsym";
				GCC_C_LANGUAGE_STANDARD = gnu99;
				GCC_ENABLE_OBJC_EXCEPTIONS = YES;
				GCC_VERSION = com.apple.compilers.llvm.clang.1_0;
				GCC_WARN_64_TO_32_BIT_CONVERSION = YES;
				GCC_WARN_ABOUT_MISSING_PROTOTYPES = YES;
				GCC_WARN_ABOUT_RETURN_TYPE = YES;
				GCC_WARN_UNUSED_VARIABLE = YES;
				MACOSX_DEPLOYMENT_TARGET = 10.6;
				SDKROOT = macosx;
			};
			name = Release;
		};
		68964895162B35F900D719E3 /* Debug */ = {
			isa = XCBuildConfiguration;
			buildSettings = {
				ALWAYS_SEARCH_USER_PATHS = YES;
				HEADER_SEARCH_PATHS = /opt/local/include;
				LIBRARY_SEARCH_PATHS = (
					"$(inherited)",
					/opt/local/lib,
				);
				PRODUCT_NAME = "$(TARGET_NAME)";
				USER_HEADER_SEARCH_PATHS = "UnitTest++/src";
			};
			name = Debug;
		};
		68964896162B35F900D719E3 /* Release */ = {
			isa = XCBuildConfiguration;
			buildSettings = {
				ALWAYS_SEARCH_USER_PATHS = YES;
				HEADER_SEARCH_PATHS = /opt/local/include;
				LIBRARY_SEARCH_PATHS = (
					"$(inherited)",
					/opt/local/lib,
				);
				PRODUCT_NAME = "$(TARGET_NAME)";
				USER_HEADER_SEARCH_PATHS = "UnitTest++/src";
			};
			name = Release;
		};
/* End XCBuildConfiguration section */

/* Begin XCConfigurationList section */
		68964884162B35F900D719E3 /* Build configuration list for PBXProject "MidasMiner" */ = {
			isa = XCConfigurationList;
			buildConfigurations = (
				68964892162B35F900D719E3 /* Debug */,
				68964893162B35F900D719E3 /* Release */,
			);
			defaultConfigurationIsVisible = 0;
			defaultConfigurationName = Release;
		};
		68964894162B35F900D719E3 /* Build configuration list for PBXNativeTarget "MidasMiner" */ = {
			isa = XCConfigurationList;
			buildConfigurations = (
				68964895162B35F900D719E3 /* Debug */,
				68964896162B35F900D719E3 /* Release */,
			);
			defaultConfigurationIsVisible = 0;
			defaultConfigurationName = Release;
		};
/* End XCConfigurationList section */
	};
	rootObject = 68964881162B35F900D719E3 /* Project object */;
}
