// !$*UTF8*$!
{
	archiveVersion = 1;
	classes = {
	};
	objectVersion = 46;
	objects = {

/* Begin PBXBuildFile section */
		68964891162B35F900D719E3 /* MidasMiner.1 in Copy Files */ = {isa = PBXBuildFile; fileRef = 68964890162B35F900D719E3 /* MidasMiner.1 */; };
		68F4FED7162B372D00F13811 /* OpenGL.framework in Frameworks */ = {isa = PBXBuildFile; fileRef = 68F4FED6162B372D00F13811 /* OpenGL.framework */; };
		68F4FED9162B374100F13811 /* GLUT.framework in Frameworks */ = {isa = PBXBuildFile; fileRef = 68F4FED8162B374100F13811 /* GLUT.framework */; };
		68F4FEDE162B6DE800F13811 /* libpng15.a in Frameworks */ = {isa = PBXBuildFile; fileRef = 68F4FEDD162B6DE800F13811 /* libpng15.a */; };
		68F4FEE0162B6DFE00F13811 /* libz.a in Frameworks */ = {isa = PBXBuildFile; fileRef = 68F4FEDF162B6DFE00F13811 /* libz.a */; };
		68F4FEE2162B6EA600F13811 /* pngLoad.c in Sources */ = {isa = PBXBuildFile; fileRef = 68F4FEE1162B6EA600F13811 /* pngLoad.c */; };
		68F4FEE4162C166400F13811 /* pngDrvr.cpp in Sources */ = {isa = PBXBuildFile; fileRef = 68F4FEE3162C166400F13811 /* pngDrvr.cpp */; };
/* End PBXBuildFile section */

/* Begin PBXCopyFilesBuildPhase section */
		68964888162B35F900D719E3 /* Copy Files */ = {
			isa = PBXCopyFilesBuildPhase;
			buildActionMask = 2147483647;
			dstPath = /usr/share/man/man1/;
			dstSubfolderSpec = 0;
			files = (
				68964891162B35F900D719E3 /* MidasMiner.1 in Copy Files */,
			);
			name = "Copy Files";
			runOnlyForDeploymentPostprocessing = 1;
		};
/* End PBXCopyFilesBuildPhase section */

/* Begin PBXFileReference section */
		6896488A162B35F900D719E3 /* MidasMiner */ = {isa = PBXFileReference; explicitFileType = "compiled.mach-o.executable"; includeInIndex = 0; path = MidasMiner; sourceTree = BUILT_PRODUCTS_DIR; };
		6896488E162B35F900D719E3 /* main.cpp */ = {isa = PBXFileReference; lastKnownFileType = sourcecode.cpp.cpp; path = main.cpp; sourceTree = "<group>"; };
		68964890162B35F900D719E3 /* MidasMiner.1 */ = {isa = PBXFileReference; lastKnownFileType = text.man; path = MidasMiner.1; sourceTree = "<group>"; };
		68F4FED3162B36F800F13811 /* sample.c */ = {isa = PBXFileReference; fileEncoding = 4; lastKnownFileType = sourcecode.c.c; path = sample.c; sourceTree = "<group>"; };
		68F4FED6162B372D00F13811 /* OpenGL.framework */ = {isa = PBXFileReference; lastKnownFileType = wrapper.framework; name = OpenGL.framework; path = System/Library/Frameworks/OpenGL.framework; sourceTree = SDKROOT; };
		68F4FED8162B374100F13811 /* GLUT.framework */ = {isa = PBXFileReference; lastKnownFileType = wrapper.framework; name = GLUT.framework; path = System/Library/Frameworks/GLUT.framework; sourceTree = SDKROOT; };
		68F4FEDC162B653C00F13811 /* pngLoad.h */ = {isa = PBXFileReference; fileEncoding = 4; lastKnownFileType = sourcecode.c.h; path = pngLoad.h; sourceTree = "<group>"; };
		68F4FEDD162B6DE800F13811 /* libpng15.a */ = {isa = PBXFileReference; lastKnownFileType = archive.ar; name = libpng15.a; path = ../../../../opt/local/lib/libpng15.a; sourceTree = "<group>"; };
		68F4FEDF162B6DFE00F13811 /* libz.a */ = {isa = PBXFileReference; lastKnownFileType = archive.ar; name = libz.a; path = ../../../../opt/local/lib/libz.a; sourceTree = "<group>"; };
		68F4FEE1162B6EA600F13811 /* pngLoad.c */ = {isa = PBXFileReference; fileEncoding = 4; lastKnownFileType = sourcecode.c.c; path = pngLoad.c; sourceTree = "<group>"; };
		68F4FEE3162C166400F13811 /* pngDrvr.cpp */ = {isa = PBXFileReference; fileEncoding = 4; lastKnownFileType = sourcecode.cpp.cpp; path = pngDrvr.cpp; sourceTree = "<group>"; };
/* End PBXFileReference section */

/* Begin PBXFrameworksBuildPhase section */
		68964887162B35F900D719E3 /* Frameworks */ = {
			isa = PBXFrameworksBuildPhase;
			buildActionMask = 2147483647;
			files = (
				68F4FEE0162B6DFE00F13811 /* libz.a in Frameworks */,
				68F4FEDE162B6DE800F13811 /* libpng15.a in Frameworks */,
				68F4FED9162B374100F13811 /* GLUT.framework in Frameworks */,
				68F4FED7162B372D00F13811 /* OpenGL.framework in Frameworks */,
			);
			runOnlyForDeploymentPostprocessing = 0;
		};
/* End PBXFrameworksBuildPhase section */

/* Begin PBXGroup section */
		6896487F162B35F900D719E3 = {
			isa = PBXGroup;
			children = (
				68F4FEDF162B6DFE00F13811 /* libz.a */,
				68F4FEDD162B6DE800F13811 /* libpng15.a */,
				68F4FED8162B374100F13811 /* GLUT.framework */,
				68F4FED6162B372D00F13811 /* OpenGL.framework */,
				6896488D162B35F900D719E3 /* MidasMiner */,
				6896488B162B35F900D719E3 /* Products */,
			);
			sourceTree = "<group>";
		};
		6896488B162B35F900D719E3 /* Products */ = {
			isa = PBXGroup;
			children = (
				6896488A162B35F900D719E3 /* MidasMiner */,
			);
			name = Products;
			sourceTree = "<group>";
		};
		6896488D162B35F900D719E3 /* MidasMiner */ = {
			isa = PBXGroup;
			children = (
				68F4FEE3162C166400F13811 /* pngDrvr.cpp */,
				68F4FEE1162B6EA600F13811 /* pngLoad.c */,
				68F4FEDC162B653C00F13811 /* pngLoad.h */,
				68F4FED3162B36F800F13811 /* sample.c */,
				6896488E162B35F900D719E3 /* main.cpp */,
				68964890162B35F900D719E3 /* MidasMiner.1 */,
			);
			path = MidasMiner;
			sourceTree = "<group>";
		};
/* End PBXGroup section */

/* Begin PBXNativeTarget section */
		68964889162B35F900D719E3 /* MidasMiner */ = {
			isa = PBXNativeTarget;
			buildConfigurationList = 68964894162B35F900D719E3 /* Build configuration list for PBXNativeTarget "MidasMiner" */;
			buildPhases = (
				68964886162B35F900D719E3 /* Sources */,
				68964887162B35F900D719E3 /* Frameworks */,
				68964888162B35F900D719E3 /* Copy Files */,
			);
			buildRules = (
			);
			dependencies = (
			);
			name = MidasMiner;
			productName = MidasMiner;
			productReference = 6896488A162B35F900D719E3 /* MidasMiner */;
			productType = "com.apple.product-type.tool";
		};
/* End PBXNativeTarget section */

/* Begin PBXProject section */
		68964881162B35F900D719E3 /* Project object */ = {
			isa = PBXProject;
			attributes = {
				LastUpgradeCheck = 0420;
			};
			buildConfigurationList = 68964884162B35F900D719E3 /* Build configuration list for PBXProject "MidasMiner" */;
			compatibilityVersion = "Xcode 3.2";
			developmentRegion = English;
			hasScannedForEncodings = 0;
			knownRegions = (
				en,
			);
			mainGroup = 6896487F162B35F900D719E3;
			productRefGroup = 6896488B162B35F900D719E3 /* Products */;
			projectDirPath = "";
			projectRoot = "";
			targets = (
				68964889162B35F900D719E3 /* MidasMiner */,
			);
		};
/* End PBXProject section */

/* Begin PBXSourcesBuildPhase section */
		68964886162B35F900D719E3 /* Sources */ = {
			isa = PBXSourcesBuildPhase;
			buildActionMask = 2147483647;
			files = (
				68F4FEE2162B6EA600F13811 /* pngLoad.c in Sources */,
				68F4FEE4162C166400F13811 /* pngDrvr.cpp in Sources */,
			);
			runOnlyForDeploymentPostprocessing = 0;
		};
/* End PBXSourcesBuildPhase section */

/* Begin XCBuildConfiguration section */
		68964892162B35F900D719E3 /* Debug */ = {
			isa = XCBuildConfiguration;
			buildSettings = {
				ALWAYS_SEARCH_USER_PATHS = NO;
				ARCHS = "$(ARCHS_STANDARD_64_BIT)";
				COPY_PHASE_STRIP = NO;
				GCC_C_LANGUAGE_STANDARD = gnu99;
				GCC_DYNAMIC_NO_PIC = NO;
				GCC_ENABLE_OBJC_EXCEPTIONS = YES;
				GCC_OPTIMIZATION_LEVEL = 0;
				GCC_PREPROCESSOR_DEFINITIONS = (
					"DEBUG=1",
					"$(inherited)",
				);
				GCC_SYMBOLS_PRIVATE_EXTERN = NO;
				GCC_VERSION = com.apple.compilers.llvm.clang.1_0;
				GCC_WARN_64_TO_32_BIT_CONVERSION = YES;
				GCC_WARN_ABOUT_MISSING_PROTOTYPES = YES;
				GCC_WARN_ABOUT_RETURN_TYPE = YES;
				GCC_WARN_UNUSED_VARIABLE = YES;
				MACOSX_DEPLOYMENT_TARGET = 10.6;
				ONLY_ACTIVE_ARCH = YES;
				SDKROOT = macosx;
			};
			name = Debug;
		};
		68964893162B35F900D719E3 /* Release */ = {
			isa = XCBuildConfiguration;
			buildSettings = {
				ALWAYS_SEARCH_USER_PATHS = NO;
				ARCHS = "$(ARCHS_STANDARD_64_BIT)";
				COPY_PHASE_STRIP = YES;
				DEBUG_INFORMATION_FORMAT = "dwarf-with-dsym";
				GCC_C_LANGUAGE_STANDARD = gnu99;
				GCC_ENABLE_OBJC_EXCEPTIONS = YES;
				GCC_VERSION = com.apple.compilers.llvm.clang.1_0;
				GCC_WARN_64_TO_32_BIT_CONVERSION = YES;
				GCC_WARN_ABOUT_MISSING_PROTOTYPES = YES;
				GCC_WARN_ABOUT_RETURN_TYPE = YES;
				GCC_WARN_UNUSED_VARIABLE = YES;
				MACOSX_DEPLOYMENT_TARGET = 10.6;
				SDKROOT = macosx;
			};
			name = Release;
		};
		68964895162B35F900D719E3 /* Debug */ = {
			isa = XCBuildConfiguration;
			buildSettings = {
				HEADER_SEARCH_PATHS = /opt/local/include;
				LIBRARY_SEARCH_PATHS = (
					"$(inherited)",
					/opt/local/lib,
				);
				PRODUCT_NAME = "$(TARGET_NAME)";
			};
			name = Debug;
		};
		68964896162B35F900D719E3 /* Release */ = {
			isa = XCBuildConfiguration;
			buildSettings = {
				HEADER_SEARCH_PATHS = /opt/local/include;
				LIBRARY_SEARCH_PATHS = (
					"$(inherited)",
					/opt/local/lib,
				);
				PRODUCT_NAME = "$(TARGET_NAME)";
			};
			name = Release;
		};
/* End XCBuildConfiguration section */

/* Begin XCConfigurationList section */
		68964884162B35F900D719E3 /* Build configuration list for PBXProject "MidasMiner" */ = {
			isa = XCConfigurationList;
			buildConfigurations = (
				68964892162B35F900D719E3 /* Debug */,
				68964893162B35F900D719E3 /* Release */,
			);
			defaultConfigurationIsVisible = 0;
			defaultConfigurationName = Release;
		};
		68964894162B35F900D719E3 /* Build configuration list for PBXNativeTarget "MidasMiner" */ = {
			isa = XCConfigurationList;
			buildConfigurations = (
				68964895162B35F900D719E3 /* Debug */,
				68964896162B35F900D719E3 /* Release */,
			);
			defaultConfigurationIsVisible = 0;
			defaultConfigurationName = Release;
		};
/* End XCConfigurationList section */
	};
	rootObject = 68964881162B35F900D719E3 /* Project object */;
}
